
Microsoft Visual Studio Solution File, Format Version 12.00
# Visual Studio Version 16
VisualStudioVersion = 16.0.29424.173
MinimumVisualStudioVersion = 10.0.40219.1
Project("{FAE04EC0-301F-11D3-BF4B-00C04F79EFBC}") = "Kutuphane.Web", "Kutuphane.Web\Kutuphane.Web.csproj", "{4F055B82-1E9A-4DA8-8DEE-BB1F53E2D471}"
EndProject
Project("{FAE04EC0-301F-11D3-BF4B-00C04F79EFBC}") = "Kutuphane.DataAccess", "Kutuphane.DataAccess\Kutuphane.DataAccess.csproj", "{C5849983-4D5C-4EC4-9DB2-CC96AE2EFC07}"
EndProject
Project("{FAE04EC0-301F-11D3-BF4B-00C04F79EFBC}") = "Kutuphane.Business", "Kutuphane.Business\Kutuphane.Business.csproj", "{5E1B4C96-64E7-4355-9F3F-162AE7268ACF}"
EndProject
Global
	GlobalSection(SolutionConfigurationPlatforms) = preSolution
		Debug|Any CPU = Debug|Any CPU
		Release|Any CPU = Release|Any CPU
	EndGlobalSection
	GlobalSection(ProjectConfigurationPlatforms) = postSolution
		{4F055B82-1E9A-4DA8-8DEE-BB1F53E2D471}.Debug|Any CPU.ActiveCfg = Debug|Any CPU
		{4F055B82-1E9A-4DA8-8DEE-BB1F53E2D471}.Debug|Any CPU.Build.0 = Debug|Any CPU
		{4F055B82-1E9A-4DA8-8DEE-BB1F53E2D471}.Release|Any CPU.ActiveCfg = Release|Any CPU
		{4F055B82-1E9A-4DA8-8DEE-BB1F53E2D471}.Release|Any CPU.Build.0 = Release|Any CPU
		{C5849983-4D5C-4EC4-9DB2-CC96AE2EFC07}.Debug|Any CPU.ActiveCfg = Debug|Any CPU
		{C5849983-4D5C-4EC4-9DB2-CC96AE2EFC07}.Debug|Any CPU.Build.0 = Debug|Any CPU
		{C5849983-4D5C-4EC4-9DB2-CC96AE2EFC07}.Release|Any CPU.ActiveCfg = Release|Any CPU
		{C5849983-4D5C-4EC4-9DB2-CC96AE2EFC07}.Release|Any CPU.Build.0 = Release|Any CPU
		{5E1B4C96-64E7-4355-9F3F-162AE7268ACF}.Debug|Any CPU.ActiveCfg = Debug|Any CPU
		{5E1B4C96-64E7-4355-9F3F-162AE7268ACF}.Debug|Any CPU.Build.0 = Debug|Any CPU
		{5E1B4C96-64E7-4355-9F3F-162AE7268ACF}.Release|Any CPU.ActiveCfg = Release|Any CPU
		{5E1B4C96-64E7-4355-9F3F-162AE7268ACF}.Release|Any CPU.Build.0 = Release|Any CPU
	EndGlobalSection
	GlobalSection(SolutionProperties) = preSolution
		HideSolutionNode = FALSE
	EndGlobalSection
	GlobalSection(ExtensibilityGlobals) = postSolution
		SolutionGuid = {5D0CAD33-ABAF-4F98-BC78-99C346C8CAFA}
	EndGlobalSection
EndGlobal
